
Microsoft Visual Studio Solution File, Format Version 12.00
# Visual Studio Version 17
VisualStudioVersion = 17.4.33403.182
MinimumVisualStudioVersion = 10.0.40219.1
Project("{FAE04EC0-301F-11D3-BF4B-00C04F79EFBC}") = "OnlineShop", "OnlineShop.csproj", "{11417C92-9884-4834-9CA6-149EBADD7232}"
EndProject
Global
	GlobalSection(SolutionConfigurationPlatforms) = preSolution
		Debug|Any CPU = Debug|Any CPU
		Release|Any CPU = Release|Any CPU
	EndGlobalSection
	GlobalSection(ProjectConfigurationPlatforms) = postSolution
		{11417C92-9884-4834-9CA6-149EBADD7232}.Debug|Any CPU.ActiveCfg = Debug|Any CPU
		{11417C92-9884-4834-9CA6-149EBADD7232}.Debug|Any CPU.Build.0 = Debug|Any CPU
		{11417C92-9884-4834-9CA6-149EBADD7232}.Release|Any CPU.ActiveCfg = Release|Any CPU
		{11417C92-9884-4834-9CA6-149EBADD7232}.Release|Any CPU.Build.0 = Release|Any CPU
	EndGlobalSection
	GlobalSection(SolutionProperties) = preSolution
		HideSolutionNode = FALSE
	EndGlobalSection
	GlobalSection(ExtensibilityGlobals) = postSolution
		SolutionGuid = {6169FBFB-1AAE-4DA8-9F3E-407A8C1615B3}
	EndGlobalSection
EndGlobal
